
Microsoft Visual Studio Solution File, Format Version 12.00
# Visual Studio Version 16
VisualStudioVersion = 16.0.30711.63
MinimumVisualStudioVersion = 10.0.40219.1
Project("{FAE04EC0-301F-11D3-BF4B-00C04F79EFBC}") = "Clase 2 2022 - Jlopez", "Clase 2 2022 - Jlopez\Clase 2 2022 - Jlopez.csproj", "{A0947D50-796D-4583-8C46-12610E69CC6C}"
EndProject
Global
	GlobalSection(SolutionConfigurationPlatforms) = preSolution
		Debug|Any CPU = Debug|Any CPU
		Release|Any CPU = Release|Any CPU
	EndGlobalSection
	GlobalSection(ProjectConfigurationPlatforms) = postSolution
		{A0947D50-796D-4583-8C46-12610E69CC6C}.Debug|Any CPU.ActiveCfg = Debug|Any CPU
		{A0947D50-796D-4583-8C46-12610E69CC6C}.Debug|Any CPU.Build.0 = Debug|Any CPU
		{A0947D50-796D-4583-8C46-12610E69CC6C}.Release|Any CPU.ActiveCfg = Release|Any CPU
		{A0947D50-796D-4583-8C46-12610E69CC6C}.Release|Any CPU.Build.0 = Release|Any CPU
	EndGlobalSection
	GlobalSection(SolutionProperties) = preSolution
		HideSolutionNode = FALSE
	EndGlobalSection
	GlobalSection(ExtensibilityGlobals) = postSolution
		SolutionGuid = {7F4E3057-5021-44E8-88B2-84B047B885B0}
	EndGlobalSection
EndGlobal
